{
  "name": "bes-lyrics-latex-cfg",
  "version": "1.0.0",
  "lockfileVersion": 3,
  "requires": true,
  "packages": {
    "": {
      "name": "bes-lyrics-latex-cfg",
      "version": "1.0.0",
      "license": "ISC",
      "devDependencies": {
        "prettier": "^2.8.8",
        "prettier-plugin-latex": "^1.2.4"
      }
    },
    "node_modules/@types/unist": {
      "version": "2.0.8",
      "resolved": "https://registry.npmjs.org/@types/unist/-/unist-2.0.8.tgz",
      "integrity": "sha512-d0XxK3YTObnWVp6rZuev3c49+j4Lo8g4L1ZRm9z5L0xpoZycUPshHgczK5gsUMaZOstjVYYi09p5gYvUtfChYw==",
      "dev": true
    },
    "node_modules/@unified-latex/unified-latex-builder": {
      "version": "1.4.0",
      "resolved": "https://registry.npmjs.org/@unified-latex/unified-latex-builder/-/unified-latex-builder-1.4.0.tgz",
      "integrity": "sha512-cXUlY0rYEm+1oPmTSV4TFN9S8vvWpDBbehot4oY5SFDXiy2JTqYH0LcXIsRNtDcfRpdnyesncQ60FPjdDH53Pw==",
      "dev": true,
      "dependencies": {
        "@unified-latex/unified-latex-types": "^1.3.1"
      }
    },
    "node_modules/@unified-latex/unified-latex-ctan": {
      "version": "1.4.1",
      "resolved": "https://registry.npmjs.org/@unified-latex/unified-latex-ctan/-/unified-latex-ctan-1.4.1.tgz",
      "integrity": "sha512-YyDdFUJNVAgVscyHJPd0ziNWJgrtjta6rTJwlLuEckkHQ0WP6CUKO8NfOxOBpctlk0lzV2NQNMihW1ps5AuZBA==",
      "dev": true,
      "dependencies": {
        "@unified-latex/unified-latex-builder": "^1.4.0",
        "@unified-latex/unified-latex-types": "^1.3.1",
        "@unified-latex/unified-latex-util-argspec": "^1.4.0",
        "@unified-latex/unified-latex-util-arguments": "^1.4.0",
        "@unified-latex/unified-latex-util-comments": "^1.4.0",
        "@unified-latex/unified-latex-util-match": "^1.4.0",
        "@unified-latex/unified-latex-util-pegjs": "^1.4.0",
        "@unified-latex/unified-latex-util-print-raw": "^1.4.0",
        "@unified-latex/unified-latex-util-render-info": "^1.4.0",
        "@unified-latex/unified-latex-util-replace": "^1.4.0",
        "@unified-latex/unified-latex-util-scan": "^1.4.0",
        "@unified-latex/unified-latex-util-split": "^1.4.0",
        "@unified-latex/unified-latex-util-trim": "^1.4.0",
        "@unified-latex/unified-latex-util-visit": "^1.4.0",
        "color": "^4.2.3"
      }
    },
    "node_modules/@unified-latex/unified-latex-prettier": {
      "version": "1.4.1",
      "resolved": "https://registry.npmjs.org/@unified-latex/unified-latex-prettier/-/unified-latex-prettier-1.4.1.tgz",
      "integrity": "sha512-qCMfy+Sf9kq/s9yEN/63yRmYl6KhG4JoKg0FJ70pvhIm+GyII7ZMi93yeXMN3k2od8upt1QK+iPswlRHG0dhHQ==",
      "dev": true,
      "dependencies": {
        "@unified-latex/unified-latex-ctan": "^1.4.1",
        "@unified-latex/unified-latex-types": "^1.3.1",
        "@unified-latex/unified-latex-util-align": "^1.4.0",
        "@unified-latex/unified-latex-util-match": "^1.4.0",
        "@unified-latex/unified-latex-util-parse": "^1.4.1",
        "@unified-latex/unified-latex-util-pgfkeys": "^1.4.0",
        "@unified-latex/unified-latex-util-print-raw": "^1.4.0",
        "@unified-latex/unified-latex-util-trim": "^1.4.0",
        "@unified-latex/unified-latex-util-visit": "^1.4.0",
        "prettier": "^2.6.2",
        "unified": "^10.1.2"
      }
    },
    "node_modules/@unified-latex/unified-latex-types": {
      "version": "1.3.1",
      "resolved": "https://registry.npmjs.org/@unified-latex/unified-latex-types/-/unified-latex-types-1.3.1.tgz",
      "integrity": "sha512-697Wc68b6HC4pG9+Gpt9hvZYJUeKQzNGY3ONTVERN3Sqfngd64i2p1Yh1dcqMxspckXaXwIn72XHRBSofITxSw==",
      "dev": true
    },
    "node_modules/@unified-latex/unified-latex-util-align": {
      "version": "1.4.0",
      "resolved": "https://registry.npmjs.org/@unified-latex/unified-latex-util-align/-/unified-latex-util-align-1.4.0.tgz",
      "integrity": "sha512-dSyGpCigs+S4HbdROGw0XTT5XTWRQ7e3hfVw2aY25HpX4BOlGHqp60GUMzpDkQiJy21mK9fac/MnCM5CsPcmpw==",
      "dev": true,
      "dependencies": {
        "@unified-latex/unified-latex-types": "^1.3.1",
        "@unified-latex/unified-latex-util-match": "^1.4.0",
        "@unified-latex/unified-latex-util-pegjs": "^1.4.0"
      }
    },
    "node_modules/@unified-latex/unified-latex-util-argspec": {
      "version": "1.4.0",
      "resolved": "https://registry.npmjs.org/@unified-latex/unified-latex-util-argspec/-/unified-latex-util-argspec-1.4.0.tgz",
      "integrity": "sha512-FcovssslxYUwULFwplzhEJeSX4IKm5C/AS3/hXc9js75JWvbjV/qDP3apu8yN5kQFx4SJrwXVfXIq2IIC8tdCQ==",
      "dev": true,
      "dependencies": {
        "@unified-latex/unified-latex-util-pegjs": "^1.4.0"
      }
    },
    "node_modules/@unified-latex/unified-latex-util-arguments": {
      "version": "1.4.0",
      "resolved": "https://registry.npmjs.org/@unified-latex/unified-latex-util-arguments/-/unified-latex-util-arguments-1.4.0.tgz",
      "integrity": "sha512-ItsC2CpL5lpOQyWxIA4197unZYk0L/TygCftVe2pYHv0pp58C/LH+ZTWyrig4eIdBZ44cg2GbOaH8gRLIwR+lA==",
      "dev": true,
      "dependencies": {
        "@unified-latex/unified-latex-builder": "^1.4.0",
        "@unified-latex/unified-latex-types": "^1.3.1",
        "@unified-latex/unified-latex-util-argspec": "^1.4.0",
        "@unified-latex/unified-latex-util-match": "^1.4.0",
        "@unified-latex/unified-latex-util-render-info": "^1.4.0",
        "@unified-latex/unified-latex-util-scan": "^1.4.0",
        "@unified-latex/unified-latex-util-visit": "^1.4.0",
        "unified": "^10.1.2"
      }
    },
    "node_modules/@unified-latex/unified-latex-util-catcode": {
      "version": "1.4.0",
      "resolved": "https://registry.npmjs.org/@unified-latex/unified-latex-util-catcode/-/unified-latex-util-catcode-1.4.0.tgz",
      "integrity": "sha512-1ADxrhtIHMKuPmxmIZlNpTC89kEtw/ohwKn7dtYmp7TsjQ2Qpw5I/FvMBGFCXPDzfB7U/hSAm7qZxG6XKgoEcg==",
      "dev": true,
      "dependencies": {
        "@unified-latex/unified-latex-types": "^1.3.1",
        "@unified-latex/unified-latex-util-match": "^1.4.0",
        "@unified-latex/unified-latex-util-visit": "^1.4.0"
      }
    },
    "node_modules/@unified-latex/unified-latex-util-comments": {
      "version": "1.4.0",
      "resolved": "https://registry.npmjs.org/@unified-latex/unified-latex-util-comments/-/unified-latex-util-comments-1.4.0.tgz",
      "integrity": "sha512-O8ACOuan89lpH23PD93Lo+7iySUI9dwkKXzLLdQF+2MJZQF6XSgh/URxxdmKEG+Qiydvj+JX0OpnvmHFz2XdKw==",
      "dev": true,
      "dependencies": {
        "@unified-latex/unified-latex-types": "^1.3.1",
        "@unified-latex/unified-latex-util-match": "^1.4.0",
        "@unified-latex/unified-latex-util-replace": "^1.4.0"
      }
    },
    "node_modules/@unified-latex/unified-latex-util-environments": {
      "version": "1.4.0",
      "resolved": "https://registry.npmjs.org/@unified-latex/unified-latex-util-environments/-/unified-latex-util-environments-1.4.0.tgz",
      "integrity": "sha512-fblSDxP5AcF2/Lr7+Kq9e6/M+PU8mTEED8qnIyED+inhAZ+omodPZyU87Nq+LBItSP2Zo6bj6WuZOY1hk88Q4w==",
      "dev": true,
      "dependencies": {
        "@unified-latex/unified-latex-types": "^1.3.1",
        "@unified-latex/unified-latex-util-arguments": "^1.4.0",
        "@unified-latex/unified-latex-util-match": "^1.4.0",
        "@unified-latex/unified-latex-util-print-raw": "^1.4.0",
        "@unified-latex/unified-latex-util-render-info": "^1.4.0",
        "@unified-latex/unified-latex-util-visit": "^1.4.0",
        "unified": "^10.1.2"
      }
    },
    "node_modules/@unified-latex/unified-latex-util-match": {
      "version": "1.4.0",
      "resolved": "https://registry.npmjs.org/@unified-latex/unified-latex-util-match/-/unified-latex-util-match-1.4.0.tgz",
      "integrity": "sha512-LI5uJZFU5etsQ1SX3hhxi7VrAVEIg/T2LaSXIxYCH1J+UE657qO/7uQ6K4wo4CVmL1dN3KWQzkykohVqQ4nR7w==",
      "dev": true,
      "dependencies": {
        "@unified-latex/unified-latex-types": "^1.3.1",
        "@unified-latex/unified-latex-util-print-raw": "^1.4.0"
      }
    },
    "node_modules/@unified-latex/unified-latex-util-parse": {
      "version": "1.4.1",
      "resolved": "https://registry.npmjs.org/@unified-latex/unified-latex-util-parse/-/unified-latex-util-parse-1.4.1.tgz",
      "integrity": "sha512-aPjugXrklmyzhRf88XJuOVV2pSE+9dBFMCaQYbJGalJAxB5/eyrsy+TVKXhtoQ0OxDu/QmIa+SErEQlSApyZ0w==",
      "dev": true,
      "dependencies": {
        "@unified-latex/unified-latex-ctan": "^1.4.1",
        "@unified-latex/unified-latex-types": "^1.3.1",
        "@unified-latex/unified-latex-util-arguments": "^1.4.0",
        "@unified-latex/unified-latex-util-catcode": "^1.4.0",
        "@unified-latex/unified-latex-util-environments": "^1.4.0",
        "@unified-latex/unified-latex-util-match": "^1.4.0",
        "@unified-latex/unified-latex-util-pegjs": "^1.4.0",
        "@unified-latex/unified-latex-util-print-raw": "^1.4.0",
        "@unified-latex/unified-latex-util-trim": "^1.4.0",
        "@unified-latex/unified-latex-util-visit": "^1.4.0",
        "unified": "^10.1.2"
      }
    },
    "node_modules/@unified-latex/unified-latex-util-pegjs": {
      "version": "1.4.0",
      "resolved": "https://registry.npmjs.org/@unified-latex/unified-latex-util-pegjs/-/unified-latex-util-pegjs-1.4.0.tgz",
      "integrity": "sha512-Bw6YUN/L6vgYa79513ApF0SrdRk8dPyPupUfgXfq6EQu+RKlW9vDcRh/0RaaudrJi86XffCjwaFJ2fqzwzf3cQ==",
      "dev": true,
      "dependencies": {
        "@unified-latex/unified-latex-types": "^1.3.1",
        "@unified-latex/unified-latex-util-match": "^1.4.0"
      }
    },
    "node_modules/@unified-latex/unified-latex-util-pgfkeys": {
      "version": "1.4.0",
      "resolved": "https://registry.npmjs.org/@unified-latex/unified-latex-util-pgfkeys/-/unified-latex-util-pgfkeys-1.4.0.tgz",
      "integrity": "sha512-b5Fe0R2JiqcCNNeUfVh/bvCHL9yoHRUiNsSEA/kJnG8eCM6r3dqTrKkF+sIgjcjymztx8GKJxOarGkYYXw+Csw==",
      "dev": true,
      "dependencies": {
        "@unified-latex/unified-latex-types": "^1.3.1",
        "@unified-latex/unified-latex-util-match": "^1.4.0",
        "@unified-latex/unified-latex-util-pegjs": "^1.4.0",
        "@unified-latex/unified-latex-util-print-raw": "^1.4.0"
      }
    },
    "node_modules/@unified-latex/unified-latex-util-print-raw": {
      "version": "1.4.0",
      "resolved": "https://registry.npmjs.org/@unified-latex/unified-latex-util-print-raw/-/unified-latex-util-print-raw-1.4.0.tgz",
      "integrity": "sha512-7CAq33vRbv2wCanfMirNpGnrMEoXbcqLEFr+WL5tDxNiZw8LSeNPHloL0ZwMiiwE87ylsSR7F8NLRvQGbgj+GQ==",
      "dev": true,
      "dependencies": {
        "@unified-latex/unified-latex-types": "^1.3.1"
      }
    },
    "node_modules/@unified-latex/unified-latex-util-render-info": {
      "version": "1.4.0",
      "resolved": "https://registry.npmjs.org/@unified-latex/unified-latex-util-render-info/-/unified-latex-util-render-info-1.4.0.tgz",
      "integrity": "sha512-GKJ2gbncDGLE8RjM3GJA+0m4MJvqiBXxlNwWIj3Rz+hG7hHADj9oijDhy/S9UW1CzAs/y0kzcXVu1P+8x4P+zA==",
      "dev": true,
      "dependencies": {
        "@unified-latex/unified-latex-types": "^1.3.1",
        "@unified-latex/unified-latex-util-visit": "^1.4.0"
      }
    },
    "node_modules/@unified-latex/unified-latex-util-replace": {
      "version": "1.4.0",
      "resolved": "https://registry.npmjs.org/@unified-latex/unified-latex-util-replace/-/unified-latex-util-replace-1.4.0.tgz",
      "integrity": "sha512-FVFr2UYdfRQLlep9b28uLeNGqTRDFiTQ2bmXT428H/FMw+9zb6wXs9BgQbth1R+1ZCxgDwmXoIE7q9q82kUu6g==",
      "dev": true,
      "dependencies": {
        "@unified-latex/unified-latex-types": "^1.3.1",
        "@unified-latex/unified-latex-util-match": "^1.4.0",
        "@unified-latex/unified-latex-util-split": "^1.4.0",
        "@unified-latex/unified-latex-util-trim": "^1.4.0",
        "@unified-latex/unified-latex-util-visit": "^1.4.0",
        "unified": "^10.1.2"
      }
    },
    "node_modules/@unified-latex/unified-latex-util-scan": {
      "version": "1.4.0",
      "resolved": "https://registry.npmjs.org/@unified-latex/unified-latex-util-scan/-/unified-latex-util-scan-1.4.0.tgz",
      "integrity": "sha512-z708ORhSUVh5f+mjwMy1kFpyfHg2Iy8hvUOhz/Y4VcZwX4M4uZXiCu3l1YjDnk0BEKnkeacTkq8kTHgIS1GtrQ==",
      "dev": true,
      "dependencies": {
        "@unified-latex/unified-latex-types": "^1.3.1",
        "@unified-latex/unified-latex-util-match": "^1.4.0",
        "@unified-latex/unified-latex-util-print-raw": "^1.4.0",
        "trie-prefix-tree": "^1.5.1"
      }
    },
    "node_modules/@unified-latex/unified-latex-util-split": {
      "version": "1.4.0",
      "resolved": "https://registry.npmjs.org/@unified-latex/unified-latex-util-split/-/unified-latex-util-split-1.4.0.tgz",
      "integrity": "sha512-g4Es3Mulve6Komzm4bF045qyrLlIZ8cwxqkMGz5fOW9xdxgSFtljs56AIg1z30ao3wQPT8VcB1bZKfTR8reSwQ==",
      "dev": true,
      "dependencies": {
        "@unified-latex/unified-latex-types": "^1.3.1",
        "@unified-latex/unified-latex-util-match": "^1.4.0"
      }
    },
    "node_modules/@unified-latex/unified-latex-util-trim": {
      "version": "1.4.0",
      "resolved": "https://registry.npmjs.org/@unified-latex/unified-latex-util-trim/-/unified-latex-util-trim-1.4.0.tgz",
      "integrity": "sha512-nyhhUPIAeign8MyO/wOzT4lULzWFDo7GGsJCJ2byXHlJUhgszH6EoIRUS5naESz9Z3RLtNZIcXFLGFdiyq9aFg==",
      "dev": true,
      "dependencies": {
        "@unified-latex/unified-latex-types": "^1.3.1",
        "@unified-latex/unified-latex-util-match": "^1.4.0",
        "@unified-latex/unified-latex-util-render-info": "^1.4.0",
        "@unified-latex/unified-latex-util-visit": "^1.4.0",
        "unified": "^10.1.2"
      }
    },
    "node_modules/@unified-latex/unified-latex-util-visit": {
      "version": "1.4.0",
      "resolved": "https://registry.npmjs.org/@unified-latex/unified-latex-util-visit/-/unified-latex-util-visit-1.4.0.tgz",
      "integrity": "sha512-SGUrNwnj99W1eLi5KUHo9ViNNXb8nomQD3SRa8TUrBuW69364jnz2HjY9Im+xCgm5PEXrSJo0D88BZDE65nJoQ==",
      "dev": true,
      "dependencies": {
        "@unified-latex/unified-latex-types": "^1.3.1",
        "@unified-latex/unified-latex-util-match": "^1.4.0"
      }
    },
    "node_modules/bail": {
      "version": "2.0.2",
      "resolved": "https://registry.npmjs.org/bail/-/bail-2.0.2.tgz",
      "integrity": "sha512-0xO6mYd7JB2YesxDKplafRpsiOzPt9V02ddPCLbY1xYGPOX24NTyN50qnUxgCPcSoYMhKpAuBTjQoRZCAkUDRw==",
      "dev": true,
      "funding": {
        "type": "github",
        "url": "https://github.com/sponsors/wooorm"
      }
    },
    "node_modules/color": {
      "version": "4.2.3",
      "resolved": "https://registry.npmjs.org/color/-/color-4.2.3.tgz",
      "integrity": "sha512-1rXeuUUiGGrykh+CeBdu5Ie7OJwinCgQY0bc7GCRxy5xVHy+moaqkpL/jqQq0MtQOeYcrqEz4abc5f0KtU7W4A==",
      "dev": true,
      "dependencies": {
        "color-convert": "^2.0.1",
        "color-string": "^1.9.0"
      },
      "engines": {
        "node": ">=12.5.0"
      }
    },
    "node_modules/color-convert": {
      "version": "2.0.1",
      "resolved": "https://registry.npmjs.org/color-convert/-/color-convert-2.0.1.tgz",
      "integrity": "sha512-RRECPsj7iu/xb5oKYcsFHSppFNnsj/52OVTRKb4zP5onXwVF3zVmmToNcOfGC+CRDpfK/U584fMg38ZHCaElKQ==",
      "dev": true,
      "dependencies": {
        "color-name": "~1.1.4"
      },
      "engines": {
        "node": ">=7.0.0"
      }
    },
    "node_modules/color-name": {
      "version": "1.1.4",
      "resolved": "https://registry.npmjs.org/color-name/-/color-name-1.1.4.tgz",
      "integrity": "sha512-dOy+3AuW3a2wNbZHIuMZpTcgjGuLU/uBL/ubcZF9OXbDo8ff4O8yVp5Bf0efS8uEoYo5q4Fx7dY9OgQGXgAsQA==",
      "dev": true
    },
    "node_modules/color-string": {
      "version": "1.9.1",
      "resolved": "https://registry.npmjs.org/color-string/-/color-string-1.9.1.tgz",
      "integrity": "sha512-shrVawQFojnZv6xM40anx4CkoDP+fZsw/ZerEMsW/pyzsRbElpsL/DBVW7q3ExxwusdNXI3lXpuhEZkzs8p5Eg==",
      "dev": true,
      "dependencies": {
        "color-name": "^1.0.0",
        "simple-swizzle": "^0.2.2"
      }
    },
    "node_modules/extend": {
      "version": "3.0.2",
      "resolved": "https://registry.npmjs.org/extend/-/extend-3.0.2.tgz",
      "integrity": "sha512-fjquC59cD7CyW6urNXK0FBufkZcoiGG80wTuPujX590cB5Ttln20E2UB4S/WARVqhXffZl2LNgS+gQdPIIim/g==",
      "dev": true
    },
    "node_modules/is-arrayish": {
      "version": "0.3.2",
      "resolved": "https://registry.npmjs.org/is-arrayish/-/is-arrayish-0.3.2.tgz",
      "integrity": "sha512-eVRqCvVlZbuw3GrM63ovNSNAeA1K16kaR/LRY/92w0zxQ5/1YzwblUX652i4Xs9RwAGjW9d9y6X88t8OaAJfWQ==",
      "dev": true
    },
    "node_modules/is-buffer": {
      "version": "2.0.5",
      "resolved": "https://registry.npmjs.org/is-buffer/-/is-buffer-2.0.5.tgz",
      "integrity": "sha512-i2R6zNFDwgEHJyQUtJEk0XFi1i0dPFn/oqjK3/vPCcDeJvW5NQ83V8QbicfF1SupOaB0h8ntgBC2YiE7dfyctQ==",
      "dev": true,
      "funding": [
        {
          "type": "github",
          "url": "https://github.com/sponsors/feross"
        },
        {
          "type": "patreon",
          "url": "https://www.patreon.com/feross"
        },
        {
          "type": "consulting",
          "url": "https://feross.org/support"
        }
      ],
      "engines": {
        "node": ">=4"
      }
    },
    "node_modules/is-plain-obj": {
      "version": "4.1.0",
      "resolved": "https://registry.npmjs.org/is-plain-obj/-/is-plain-obj-4.1.0.tgz",
      "integrity": "sha512-+Pgi+vMuUNkJyExiMBt5IlFoMyKnr5zhJ4Uspz58WOhBF5QoIZkFyNHIbBAtHwzVAgk5RtndVNsDRN61/mmDqg==",
      "dev": true,
      "engines": {
        "node": ">=12"
      },
      "funding": {
        "url": "https://github.com/sponsors/sindresorhus"
      }
    },
    "node_modules/prettier": {
      "version": "2.8.8",
      "resolved": "https://registry.npmjs.org/prettier/-/prettier-2.8.8.tgz",
      "integrity": "sha512-tdN8qQGvNjw4CHbY+XXk0JgCXn9QiF21a55rBe5LJAU+kDyC4WQn4+awm2Xfk2lQMk5fKup9XgzTZtGkjBdP9Q==",
      "dev": true,
      "bin": {
        "prettier": "bin-prettier.js"
      },
      "engines": {
        "node": ">=10.13.0"
      },
      "funding": {
        "url": "https://github.com/prettier/prettier?sponsor=1"
      }
    },
    "node_modules/prettier-plugin-latex": {
      "version": "1.2.4",
      "resolved": "https://registry.npmjs.org/prettier-plugin-latex/-/prettier-plugin-latex-1.2.4.tgz",
      "integrity": "sha512-FY83lz01385CK+cW4pC642oftuo1fqXRfyOoszEIno3ZwRqCeUTPb6gMX2ARse3xrvaua9FTY4q6v8l/h6DUGQ==",
      "dev": true,
      "dependencies": {
        "@unified-latex/unified-latex-prettier": "^1.0.5",
        "@unified-latex/unified-latex-util-parse": "^1.0.5",
        "@unified-latex/unified-latex-util-print-raw": "^1.0.5",
        "prettier": "^2.6.2"
      },
      "engines": {
        "node": ">= 10.0"
      }
    },
    "node_modules/simple-swizzle": {
      "version": "0.2.2",
      "resolved": "https://registry.npmjs.org/simple-swizzle/-/simple-swizzle-0.2.2.tgz",
      "integrity": "sha512-JA//kQgZtbuY83m+xT+tXJkmJncGMTFT+C+g2h2R9uxkYIrE2yy9sgmcLhCnw57/WSD+Eh3J97FPEDFnbXnDUg==",
      "dev": true,
      "dependencies": {
        "is-arrayish": "^0.3.1"
      }
    },
    "node_modules/trie-prefix-tree": {
      "version": "1.5.1",
      "resolved": "https://registry.npmjs.org/trie-prefix-tree/-/trie-prefix-tree-1.5.1.tgz",
      "integrity": "sha512-Jjvj/dA97wXnabG/NLJUgo4IQMj6vucH+Qxm7of/omfWSmZlPqdRU6Ta4GmQqCZH+n3/iYZUwfvUoEhB0Hs83Q==",
      "dev": true
    },
    "node_modules/trough": {
      "version": "2.1.0",
      "resolved": "https://registry.npmjs.org/trough/-/trough-2.1.0.tgz",
      "integrity": "sha512-AqTiAOLcj85xS7vQ8QkAV41hPDIJ71XJB4RCUrzo/1GM2CQwhkJGaf9Hgr7BOugMRpgGUrqRg/DrBDl4H40+8g==",
      "dev": true,
      "funding": {
        "type": "github",
        "url": "https://github.com/sponsors/wooorm"
      }
    },
    "node_modules/unified": {
      "version": "10.1.2",
      "resolved": "https://registry.npmjs.org/unified/-/unified-10.1.2.tgz",
      "integrity": "sha512-pUSWAi/RAnVy1Pif2kAoeWNBa3JVrx0MId2LASj8G+7AiHWoKZNTomq6LG326T68U7/e263X6fTdcXIy7XnF7Q==",
      "dev": true,
      "dependencies": {
        "@types/unist": "^2.0.0",
        "bail": "^2.0.0",
        "extend": "^3.0.0",
        "is-buffer": "^2.0.0",
        "is-plain-obj": "^4.0.0",
        "trough": "^2.0.0",
        "vfile": "^5.0.0"
      },
      "funding": {
        "type": "opencollective",
        "url": "https://opencollective.com/unified"
      }
    },
    "node_modules/unist-util-stringify-position": {
      "version": "3.0.3",
      "resolved": "https://registry.npmjs.org/unist-util-stringify-position/-/unist-util-stringify-position-3.0.3.tgz",
      "integrity": "sha512-k5GzIBZ/QatR8N5X2y+drfpWG8IDBzdnVj6OInRNWm1oXrzydiaAT2OQiA8DPRRZyAKb9b6I2a6PxYklZD0gKg==",
      "dev": true,
      "dependencies": {
        "@types/unist": "^2.0.0"
      },
      "funding": {
        "type": "opencollective",
        "url": "https://opencollective.com/unified"
      }
    },
    "node_modules/vfile": {
      "version": "5.3.7",
      "resolved": "https://registry.npmjs.org/vfile/-/vfile-5.3.7.tgz",
      "integrity": "sha512-r7qlzkgErKjobAmyNIkkSpizsFPYiUPuJb5pNW1RB4JcYVZhs4lIbVqk8XPk033CV/1z8ss5pkax8SuhGpcG8g==",
      "dev": true,
      "dependencies": {
        "@types/unist": "^2.0.0",
        "is-buffer": "^2.0.0",
        "unist-util-stringify-position": "^3.0.0",
        "vfile-message": "^3.0.0"
      },
      "funding": {
        "type": "opencollective",
        "url": "https://opencollective.com/unified"
      }
    },
    "node_modules/vfile-message": {
      "version": "3.1.4",
      "resolved": "https://registry.npmjs.org/vfile-message/-/vfile-message-3.1.4.tgz",
      "integrity": "sha512-fa0Z6P8HUrQN4BZaX05SIVXic+7kE3b05PWAtPuYP9QLHsLKYR7/AlLW3NtOrpXRLeawpDLMsVkmk5DG0NXgWw==",
      "dev": true,
      "dependencies": {
        "@types/unist": "^2.0.0",
        "unist-util-stringify-position": "^3.0.0"
      },
      "funding": {
        "type": "opencollective",
        "url": "https://opencollective.com/unified"
      }
    }
  }
}
